{
  "name": "@neft/request",
  "version": "0.0.1",
  "lockfileVersion": 1,
  "requires": true,
  "dependencies": {
    "@neft/core": {
      "version": "0.0.1",
      "requires": {
        "coffee-script": "^1.12.7"
      },
      "dependencies": {
        "coffee-script": {
          "version": "1.12.7",
          "bundled": true
        }
      }
    }
  }
}
