{
	"name": "@neft/compiler-binding",
	"version": "1.0.0-alpha.1",
	"lockfileVersion": 1,
	"requires": true,
	"dependencies": {
		"acorn": {
			"version": "6.4.0",
			"resolved": "https://registry.npmjs.org/acorn/-/acorn-6.4.0.tgz",
			"integrity": "sha512-gac8OEcQ2Li1dxIEWGZzsp2BitJxwkwcOm0zHAJLcPJaVvm58FRnk6RkuLRpU1EujipU2ZFODv2P9DLMfnV8mw=="
		},
		"acorn-walk": {
			"version": "6.2.0",
			"resolved": "https://registry.npmjs.org/acorn-walk/-/acorn-walk-6.2.0.tgz",
			"integrity": "sha512-7evsyfH1cLOCdAzZAd43Cic04yKydNx0cF+7tiA19p1XnLLPU4dpCQOqpjqwokFe//vS0QqfqqjCS2JkiIs0cA=="
		},
		"astring": {
			"version": "1.4.3",
			"resolved": "https://registry.npmjs.org/astring/-/astring-1.4.3.tgz",
			"integrity": "sha512-yJlJU/bmN820vL+cbWShu2YQU87dBP5V7BH2N4wODapRv27A2dZtUD0LgjP9lZENvPe9XRoSyWx+pZR6qKqNBw=="
		}
	}
}
