{
	"name": "@neft/compiler-document",
	"version": "0.0.1",
	"lockfileVersion": 1,
	"requires": true,
	"dependencies": {
		"lite-html-parser": {
			"version": "0.2.0",
			"resolved": "https://registry.npmjs.org/lite-html-parser/-/lite-html-parser-0.2.0.tgz",
			"integrity": "sha512-s/PPtR2FXo77lU19AMn0GzlY+GKofsRL154/oijnxYMI9L02WHKksBkGmKXlFbHf8+bROarqghw1iskp0HHT4Q=="
		}
	}
}
