{
  "name": "@neft/webpack-loader",
  "version": "0.0.1",
  "lockfileVersion": 1,
  "requires": true,
  "dependencies": {
    "lite-html-parser": {
      "version": "0.1.0",
      "resolved": "https://registry.npmjs.org/lite-html-parser/-/lite-html-parser-0.1.0.tgz",
      "integrity": "sha512-V+KfN2978Zrg8Q+sEzWZg8XWB/Xi99xAZVdwXmqO2FUmW4UrW7FTjjZLpZGXlgU/HxVACgGzXKEoGZblbpKHGg=="
    },
    "pegjs": {
      "version": "0.10.0",
      "resolved": "http://registry.npmjs.org/pegjs/-/pegjs-0.10.0.tgz",
      "integrity": "sha1-z4uvrm7d/0tafvsYUmnqr0YQ3b0="
    }
  }
}
